
Microsoft Visual Studio Solution File, Format Version 12.00
# Visual Studio Version 17
VisualStudioVersion = 17.4.33205.214
MinimumVisualStudioVersion = 10.0.40219.1
Project("{FAE04EC0-301F-11D3-BF4B-00C04F79EFBC}") = "GAHW", "GAHW\GAHW.csproj", "{4BB0458B-FA86-43CC-AC58-8FFD3660434A}"
EndProject
Global
	GlobalSection(SolutionConfigurationPlatforms) = preSolution
		Debug|Any CPU = Debug|Any CPU
		Release|Any CPU = Release|Any CPU
	EndGlobalSection
	GlobalSection(ProjectConfigurationPlatforms) = postSolution
		{4BB0458B-FA86-43CC-AC58-8FFD3660434A}.Debug|Any CPU.ActiveCfg = Debug|Any CPU
		{4BB0458B-FA86-43CC-AC58-8FFD3660434A}.Debug|Any CPU.Build.0 = Debug|Any CPU
		{4BB0458B-FA86-43CC-AC58-8FFD3660434A}.Release|Any CPU.ActiveCfg = Release|Any CPU
		{4BB0458B-FA86-43CC-AC58-8FFD3660434A}.Release|Any CPU.Build.0 = Release|Any CPU
	EndGlobalSection
	GlobalSection(SolutionProperties) = preSolution
		HideSolutionNode = FALSE
	EndGlobalSection
	GlobalSection(ExtensibilityGlobals) = postSolution
		SolutionGuid = {C9DAA339-D877-46FD-A96E-5789192BB277}
	EndGlobalSection
EndGlobal
